<?xml version="1.0" encoding="utf-8"?>
<Project ToolsVersion="4.0" xmlns="http://schemas.microsoft.com/developer/msbuild/2003">
  <ItemGroup>
    <Filter Include="소스 파일">
      <UniqueIdentifier>{4FC737F1-C7A5-4376-A066-2A32D752A2FF}</UniqueIdentifier>
      <Extensions>cpp;c;cc;cxx;c++;cppm;ixx;def;odl;idl;hpj;bat;asm;asmx</Extensions>
    </Filter>
    <Filter Include="헤더 파일">
      <UniqueIdentifier>{93995380-89BD-4b04-88EB-625FBE52EBFB}</UniqueIdentifier>
      <Extensions>h;hh;hpp;hxx;h++;hm;inl;inc;ipp;xsd</Extensions>
    </Filter>
    <Filter Include="리소스 파일">
      <UniqueIdentifier>{67DA6AB6-F800-4c08-8B7A-83BB121AAD01}</UniqueIdentifier>
      <Extensions>rc;ico;cur;bmp;dlg;rc2;rct;bin;rgs;gif;jpg;jpeg;jpe;resx;tiff;tif;png;wav;mfcribbon-ms</Extensions>
    </Filter>
    <Filter Include="Util">
      <UniqueIdentifier>{d0c94b31-e34c-4b8f-8160-cf9d36826fce}</UniqueIdentifier>
    </Filter>
    <Filter Include="Engine">
      <UniqueIdentifier>{78a47772-b222-4d04-bcb3-ebcd6f4b39c5}</UniqueIdentifier>
    </Filter>
    <Filter Include="Engine\Asset">
      <UniqueIdentifier>{ecc2da3e-dd2f-463d-acbd-249ad897dab6}</UniqueIdentifier>
    </Filter>
    <Filter Include="Engine\Asset\Resource">
      <UniqueIdentifier>{0ec5835a-50cf-4c2c-9f72-12477d8db45f}</UniqueIdentifier>
    </Filter>
    <Filter Include="Engine\Asset\Tile">
      <UniqueIdentifier>{fca69ff1-6946-427e-a74a-5556b60a4052}</UniqueIdentifier>
    </Filter>
    <Filter Include="Engine\Asset\UI">
      <UniqueIdentifier>{9946eea5-d465-4a15-9013-a89f782bf787}</UniqueIdentifier>
    </Filter>
    <Filter Include="Engine\Component">
      <UniqueIdentifier>{da25a504-0b27-4494-97d3-3b87701a4f5f}</UniqueIdentifier>
    </Filter>
    <Filter Include="Engine\Core">
      <UniqueIdentifier>{1b3db114-90a1-498e-86d5-7abd6716af4b}</UniqueIdentifier>
    </Filter>
    <Filter Include="Scene">
      <UniqueIdentifier>{6c85f082-9775-41c2-8d7d-725562cd910e}</UniqueIdentifier>
    </Filter>
    <Filter Include="GameObject">
      <UniqueIdentifier>{d58a05c6-977e-4fb5-8f85-ef37b56dab6f}</UniqueIdentifier>
    </Filter>
    <Filter Include="GameObject\Common">
      <UniqueIdentifier>{0cd43356-ad2b-4d89-8077-22d36fd35152}</UniqueIdentifier>
    </Filter>
    <Filter Include="GameObject\Stage01">
      <UniqueIdentifier>{08181d2b-00ea-4ede-89e2-b4755bf6aeb1}</UniqueIdentifier>
    </Filter>
    <Filter Include="Engine\Manager">
      <UniqueIdentifier>{24d3ca0d-39bc-4412-bf69-8323d7f60745}</UniqueIdentifier>
    </Filter>
    <Filter Include="GameObject\StageObject">
      <UniqueIdentifier>{5a84e62f-8b34-4b9a-a995-127b5eb79d57}</UniqueIdentifier>
    </Filter>
    <Filter Include="GameObject\PlayerInterface">
      <UniqueIdentifier>{631e75d6-c492-4878-bfd5-b9bde82058d8}</UniqueIdentifier>
    </Filter>
    <Filter Include="GameObject\PlayerScoreBoard">
      <UniqueIdentifier>{c8e87e4b-351f-48bf-8386-ff7ff6dd5dc4}</UniqueIdentifier>
    </Filter>
    <Filter Include="GameObject\Item">
      <UniqueIdentifier>{cad0ba35-6507-4948-9ba1-9c8856056505}</UniqueIdentifier>
    </Filter>
    <Filter Include="GameObject\Player">
      <UniqueIdentifier>{adf0aa8f-4faf-4116-8c4c-780edcbfbb23}</UniqueIdentifier>
    </Filter>
    <Filter Include="GameObject\InGameObject">
      <UniqueIdentifier>{e32c6521-2fc3-401d-a03f-b06ee0077779}</UniqueIdentifier>
    </Filter>
    <Filter Include="GameObject\Monster">
      <UniqueIdentifier>{4c1e9976-03aa-409c-9ca7-0d26841f40ea}</UniqueIdentifier>
    </Filter>
    <Filter Include="GameObject\Monster\SkeltonApe">
      <UniqueIdentifier>{f23f4e50-01b1-4043-8067-ab206b7ddc70}</UniqueIdentifier>
    </Filter>
    <Filter Include="GameObject\Stage01-1">
      <UniqueIdentifier>{7883daec-e6f9-4937-a20d-bf4bdc6619ae}</UniqueIdentifier>
    </Filter>
    <Filter Include="GameObject\SubWeapon">
      <UniqueIdentifier>{7622aef9-f3cd-4b3a-b94a-30bb38c4919b}</UniqueIdentifier>
    </Filter>
    <Filter Include="GameObject\Title">
      <UniqueIdentifier>{dd0814fe-ad12-41c3-b056-25b9a8b7359e}</UniqueIdentifier>
    </Filter>
  </ItemGroup>
  <ItemGroup>
    <ClCompile Include="WinAPI.cpp">
      <Filter>소스 파일</Filter>
    </ClCompile>
    <ClCompile Include="Cimage.cpp">
      <Filter>Engine\Asset\Resource</Filter>
    </ClCompile>
    <ClCompile Include="CResource.cpp">
      <Filter>Engine\Asset\Resource</Filter>
    </ClCompile>
    <ClCompile Include="CSound.cpp">
      <Filter>Engine\Asset\Resource</Filter>
    </ClCompile>
    <ClCompile Include="CGroundTile.cpp">
      <Filter>Engine\Asset\Tile</Filter>
    </ClCompile>
    <ClCompile Include="CTile.cpp">
      <Filter>Engine\Asset\Tile</Filter>
    </ClCompile>
    <ClCompile Include="CButton.cpp">
      <Filter>Engine\Asset\UI</Filter>
    </ClCompile>
    <ClCompile Include="CPanel.cpp">
      <Filter>Engine\Asset\UI</Filter>
    </ClCompile>
    <ClCompile Include="CTileButton.cpp">
      <Filter>Engine\Asset\UI</Filter>
    </ClCompile>
    <ClCompile Include="CTilePanel.cpp">
      <Filter>Engine\Asset\UI</Filter>
    </ClCompile>
    <ClCompile Include="CUI.cpp">
      <Filter>Engine\Asset\UI</Filter>
    </ClCompile>
    <ClCompile Include="CGameObject.cpp">
      <Filter>Engine\Asset</Filter>
    </ClCompile>
    <ClCompile Include="CScene.cpp">
      <Filter>Engine\Asset</Filter>
    </ClCompile>
    <ClCompile Include="CAnimation.cpp">
      <Filter>Engine\Component</Filter>
    </ClCompile>
    <ClCompile Include="CAnimator.cpp">
      <Filter>Engine\Component</Filter>
    </ClCompile>
    <ClCompile Include="CCollider.cpp">
      <Filter>Engine\Component</Filter>
    </ClCompile>
    <ClCompile Include="CComponent.cpp">
      <Filter>Engine\Component</Filter>
    </ClCompile>
    <ClCompile Include="CCore.cpp">
      <Filter>Engine\Core</Filter>
    </ClCompile>
    <ClCompile Include="CSceneTitle.cpp">
      <Filter>Scene</Filter>
    </ClCompile>
    <ClCompile Include="CSceneTileTool.cpp">
      <Filter>Scene</Filter>
    </ClCompile>
    <ClCompile Include="CCameraController.cpp">
      <Filter>GameObject\Common</Filter>
    </ClCompile>
    <ClCompile Include="CImageObject.cpp">
      <Filter>GameObject\Common</Filter>
    </ClCompile>
    <ClCompile Include="CMissile.cpp">
      <Filter>GameObject\Stage01</Filter>
    </ClCompile>
    <ClCompile Include="CMonster.cpp">
      <Filter>GameObject\Stage01</Filter>
    </ClCompile>
    <ClCompile Include="CCameraManager.cpp">
      <Filter>Engine\Manager</Filter>
    </ClCompile>
    <ClCompile Include="CCollisionManager.cpp">
      <Filter>Engine\Manager</Filter>
    </ClCompile>
    <ClCompile Include="CEventManager.cpp">
      <Filter>Engine\Manager</Filter>
    </ClCompile>
    <ClCompile Include="CInputManager.cpp">
      <Filter>Engine\Manager</Filter>
    </ClCompile>
    <ClCompile Include="CPathManager.cpp">
      <Filter>Engine\Manager</Filter>
    </ClCompile>
    <ClCompile Include="CRenderManager.cpp">
      <Filter>Engine\Manager</Filter>
    </ClCompile>
    <ClCompile Include="CResourceManager.cpp">
      <Filter>Engine\Manager</Filter>
    </ClCompile>
    <ClCompile Include="CSceneManager.cpp">
      <Filter>Engine\Manager</Filter>
    </ClCompile>
    <ClCompile Include="CSoundManager.cpp">
      <Filter>Engine\Manager</Filter>
    </ClCompile>
    <ClCompile Include="CTimeManager.cpp">
      <Filter>Engine\Manager</Filter>
    </ClCompile>
    <ClCompile Include="CUIManager.cpp">
      <Filter>Engine\Manager</Filter>
    </ClCompile>
    <ClCompile Include="CSceneStage01.cpp">
      <Filter>GameObject\Stage01</Filter>
    </ClCompile>
    <ClCompile Include="CLifeBar.cpp">
      <Filter>GameObject\PlayerInterface</Filter>
    </ClCompile>
    <ClCompile Include="CLifeBarHeart.cpp">
      <Filter>GameObject\PlayerInterface</Filter>
    </ClCompile>
    <ClCompile Include="CScoreBoardNum.cpp">
      <Filter>GameObject\PlayerScoreBoard</Filter>
    </ClCompile>
    <ClCompile Include="CLifeBarScore.cpp">
      <Filter>GameObject\PlayerScoreBoard</Filter>
    </ClCompile>
    <ClCompile Include="CStage01Effect.cpp">
      <Filter>GameObject\StageObject</Filter>
    </ClCompile>
    <ClCompile Include="CStage01Effect2.cpp">
      <Filter>GameObject\StageObject</Filter>
    </ClCompile>
    <ClCompile Include="CStage01Effect3.cpp">
      <Filter>GameObject\StageObject</Filter>
    </ClCompile>
    <ClCompile Include="CStage01Map.cpp">
      <Filter>GameObject\StageObject</Filter>
    </ClCompile>
    <ClCompile Include="CHeart.cpp">
      <Filter>GameObject\Item</Filter>
    </ClCompile>
    <ClCompile Include="CBigHeart.cpp">
      <Filter>GameObject\Item</Filter>
    </ClCompile>
    <ClCompile Include="CPlayer.cpp">
      <Filter>GameObject\Player</Filter>
    </ClCompile>
    <ClCompile Include="CWhip.cpp">
      <Filter>GameObject\Player</Filter>
    </ClCompile>
    <ClCompile Include="CAttackCollider.cpp">
      <Filter>GameObject\Player</Filter>
    </ClCompile>
    <ClCompile Include="CLongAttackCollider.cpp">
      <Filter>GameObject\Player</Filter>
    </ClCompile>
    <ClCompile Include="CTorch.cpp">
      <Filter>GameObject\InGameObject</Filter>
    </ClCompile>
    <ClCompile Include="CCredit.cpp">
      <Filter>GameObject\Item</Filter>
    </ClCompile>
    <ClCompile Include="CDagger.cpp">
      <Filter>GameObject\Item</Filter>
    </ClCompile>
    <ClCompile Include="CAxe.cpp">
      <Filter>GameObject\Item</Filter>
    </ClCompile>
    <ClCompile Include="CSkeltonApe.cpp">
      <Filter>GameObject\Monster\SkeltonApe</Filter>
    </ClCompile>
    <ClCompile Include="CSkeltonApeDeath.cpp">
      <Filter>GameObject\Monster\SkeltonApe</Filter>
    </ClCompile>
    <ClCompile Include="CStair.cpp">
      <Filter>GameObject\InGameObject</Filter>
    </ClCompile>
    <ClCompile Include="CBGM.cpp">
      <Filter>GameObject\Stage01</Filter>
    </ClCompile>
    <ClCompile Include="CScoreText.cpp">
      <Filter>GameObject\Item</Filter>
    </ClCompile>
    <ClCompile Include="CStage01_1.cpp">
      <Filter>GameObject\Stage01-1</Filter>
    </ClCompile>
    <ClCompile Include="CPlayerStiarCollider.cpp">
      <Filter>GameObject\Player</Filter>
    </ClCompile>
    <ClCompile Include="CObstacle.cpp">
      <Filter>Engine\Component</Filter>
    </ClCompile>
    <ClCompile Include="CStage01EndObject.cpp">
      <Filter>GameObject\Stage01</Filter>
    </ClCompile>
    <ClCompile Include="CTitle.cpp">
      <Filter>GameObject\Title</Filter>
    </ClCompile>
    <ClCompile Include="CSubWeapon.cpp">
      <Filter>GameObject\SubWeapon</Filter>
    </ClCompile>
  </ItemGroup>
  <ItemGroup>
    <ClInclude Include="WinAPI.h">
      <Filter>헤더 파일</Filter>
    </ClInclude>
    <ClInclude Include="Resource.h">
      <Filter>헤더 파일</Filter>
    </ClInclude>
    <ClInclude Include="framework.h">
      <Filter>헤더 파일</Filter>
    </ClInclude>
    <ClInclude Include="targetver.h">
      <Filter>헤더 파일</Filter>
    </ClInclude>
    <ClInclude Include="Logger.h">
      <Filter>Util</Filter>
    </ClInclude>
    <ClInclude Include="SingleTon.h">
      <Filter>Util</Filter>
    </ClInclude>
    <ClInclude Include="Struct.h">
      <Filter>Util</Filter>
    </ClInclude>
    <ClInclude Include="Cimage.h">
      <Filter>Engine\Asset\Resource</Filter>
    </ClInclude>
    <ClInclude Include="CResource.h">
      <Filter>Engine\Asset\Resource</Filter>
    </ClInclude>
    <ClInclude Include="CSound.h">
      <Filter>Engine\Asset\Resource</Filter>
    </ClInclude>
    <ClInclude Include="CGroundTile.h">
      <Filter>Engine\Asset\Tile</Filter>
    </ClInclude>
    <ClInclude Include="CTile.h">
      <Filter>Engine\Asset\Tile</Filter>
    </ClInclude>
    <ClInclude Include="CButton.h">
      <Filter>Engine\Asset\UI</Filter>
    </ClInclude>
    <ClInclude Include="CPanel.h">
      <Filter>Engine\Asset\UI</Filter>
    </ClInclude>
    <ClInclude Include="CTileButton.h">
      <Filter>Engine\Asset\UI</Filter>
    </ClInclude>
    <ClInclude Include="CTilePanel.h">
      <Filter>Engine\Asset\UI</Filter>
    </ClInclude>
    <ClInclude Include="CUI.h">
      <Filter>Engine\Asset\UI</Filter>
    </ClInclude>
    <ClInclude Include="CGameObject.h">
      <Filter>Engine\Asset</Filter>
    </ClInclude>
    <ClInclude Include="CScene.h">
      <Filter>Engine\Asset</Filter>
    </ClInclude>
    <ClInclude Include="CAnimation.h">
      <Filter>Engine\Component</Filter>
    </ClInclude>
    <ClInclude Include="CAnimator.h">
      <Filter>Engine\Component</Filter>
    </ClInclude>
    <ClInclude Include="CCollider.h">
      <Filter>Engine\Component</Filter>
    </ClInclude>
    <ClInclude Include="CComponent.h">
      <Filter>Engine\Component</Filter>
    </ClInclude>
    <ClInclude Include="CCore.h">
      <Filter>Engine\Core</Filter>
    </ClInclude>
    <ClInclude Include="CSceneTitle.h">
      <Filter>Scene</Filter>
    </ClInclude>
    <ClInclude Include="CSceneTileTool.h">
      <Filter>Scene</Filter>
    </ClInclude>
    <ClInclude Include="CCameraController.h">
      <Filter>GameObject\Common</Filter>
    </ClInclude>
    <ClInclude Include="CImageObject.h">
      <Filter>GameObject\Common</Filter>
    </ClInclude>
    <ClInclude Include="CMissile.h">
      <Filter>GameObject\Stage01</Filter>
    </ClInclude>
    <ClInclude Include="CMonster.h">
      <Filter>GameObject\Stage01</Filter>
    </ClInclude>
    <ClInclude Include="CCameraManager.h">
      <Filter>Engine\Manager</Filter>
    </ClInclude>
    <ClInclude Include="CCollisionManager.h">
      <Filter>Engine\Manager</Filter>
    </ClInclude>
    <ClInclude Include="CEventManager.h">
      <Filter>Engine\Manager</Filter>
    </ClInclude>
    <ClInclude Include="CInputManager.h">
      <Filter>Engine\Manager</Filter>
    </ClInclude>
    <ClInclude Include="CPathManager.h">
      <Filter>Engine\Manager</Filter>
    </ClInclude>
    <ClInclude Include="CRenderManager.h">
      <Filter>Engine\Manager</Filter>
    </ClInclude>
    <ClInclude Include="CResourceManager.h">
      <Filter>Engine\Manager</Filter>
    </ClInclude>
    <ClInclude Include="CSceneManager.h">
      <Filter>Engine\Manager</Filter>
    </ClInclude>
    <ClInclude Include="CSoundManager.h">
      <Filter>Engine\Manager</Filter>
    </ClInclude>
    <ClInclude Include="CTimeManager.h">
      <Filter>Engine\Manager</Filter>
    </ClInclude>
    <ClInclude Include="CUIManager.h">
      <Filter>Engine\Manager</Filter>
    </ClInclude>
    <ClInclude Include="CSceneStage01.h">
      <Filter>GameObject\Stage01</Filter>
    </ClInclude>
    <ClInclude Include="CLifeBar.h">
      <Filter>GameObject\PlayerInterface</Filter>
    </ClInclude>
    <ClInclude Include="CLifeBarHeart.h">
      <Filter>GameObject\PlayerInterface</Filter>
    </ClInclude>
    <ClInclude Include="CScoreBoardNum.h">
      <Filter>GameObject\PlayerScoreBoard</Filter>
    </ClInclude>
    <ClInclude Include="CLifeBarScore.h">
      <Filter>GameObject\PlayerScoreBoard</Filter>
    </ClInclude>
    <ClInclude Include="CStage01Map.h">
      <Filter>GameObject\StageObject</Filter>
    </ClInclude>
    <ClInclude Include="CStage01Effect.h">
      <Filter>GameObject\StageObject</Filter>
    </ClInclude>
    <ClInclude Include="CStage01Effect2.h">
      <Filter>GameObject\StageObject</Filter>
    </ClInclude>
    <ClInclude Include="CStage01Effect3.h">
      <Filter>GameObject\StageObject</Filter>
    </ClInclude>
    <ClInclude Include="CHeart.h">
      <Filter>GameObject\Item</Filter>
    </ClInclude>
    <ClInclude Include="CBigHeart.h">
      <Filter>GameObject\Item</Filter>
    </ClInclude>
    <ClInclude Include="CPlayer.h">
      <Filter>GameObject\Player</Filter>
    </ClInclude>
    <ClInclude Include="CWhip.h">
      <Filter>GameObject\Player</Filter>
    </ClInclude>
    <ClInclude Include="CAttackCollider.h">
      <Filter>GameObject\Player</Filter>
    </ClInclude>
    <ClInclude Include="CLongAttackCollider.h">
      <Filter>GameObject\Player</Filter>
    </ClInclude>
    <ClInclude Include="CTorch.h">
      <Filter>GameObject\InGameObject</Filter>
    </ClInclude>
    <ClInclude Include="CCredit.h">
      <Filter>GameObject\Item</Filter>
    </ClInclude>
    <ClInclude Include="CDagger.h">
      <Filter>GameObject\Item</Filter>
    </ClInclude>
    <ClInclude Include="CAxe.h">
      <Filter>GameObject\Item</Filter>
    </ClInclude>
    <ClInclude Include="CSkeltonApe.h">
      <Filter>GameObject\Monster\SkeltonApe</Filter>
    </ClInclude>
    <ClInclude Include="CSkeltonApeDeath.h">
      <Filter>GameObject\Monster\SkeltonApe</Filter>
    </ClInclude>
    <ClInclude Include="CStair.h">
      <Filter>GameObject\InGameObject</Filter>
    </ClInclude>
    <ClInclude Include="CBGM.h">
      <Filter>GameObject\Stage01</Filter>
    </ClInclude>
    <ClInclude Include="CScoreText.h">
      <Filter>GameObject\Item</Filter>
    </ClInclude>
    <ClInclude Include="CStage01_1.h">
      <Filter>GameObject\Stage01-1</Filter>
    </ClInclude>
    <ClInclude Include="CPlayerStiarCollider.h">
      <Filter>GameObject\Player</Filter>
    </ClInclude>
    <ClInclude Include="CObstacle.h">
      <Filter>Engine\Component</Filter>
    </ClInclude>
    <ClInclude Include="CStage01EndObject.h">
      <Filter>GameObject\Stage01</Filter>
    </ClInclude>
    <ClInclude Include="CTitle.h">
      <Filter>GameObject\Title</Filter>
    </ClInclude>
    <ClInclude Include="CSubWeapon.h">
      <Filter>GameObject\SubWeapon</Filter>
    </ClInclude>
  </ItemGroup>
  <ItemGroup>
    <Image Include="small.ico">
      <Filter>리소스 파일</Filter>
    </Image>
    <Image Include="WinAPI.ico">
      <Filter>리소스 파일</Filter>
    </Image>
  </ItemGroup>
  <ItemGroup>
    <ResourceCompile Include="WinAPI.rc">
      <Filter>리소스 파일</Filter>
    </ResourceCompile>
  </ItemGroup>
</Project>